
Microsoft Visual Studio Solution File, Format Version 12.00
# Visual Studio 15
VisualStudioVersion = 15.0.27130.2020
MinimumVisualStudioVersion = 10.0.40219.1
Project("{FAE04EC0-301F-11D3-BF4B-00C04F79EFBC}") = "EntityFrameworkDz01CodeFirst", "EntityFrameworkDz01CodeFirst\EntityFrameworkDz01CodeFirst.csproj", "{44BC39E5-6263-4C8E-9FE6-7151AA2288F8}"
EndProject
Global
	GlobalSection(SolutionConfigurationPlatforms) = preSolution
		Debug|Any CPU = Debug|Any CPU
		Release|Any CPU = Release|Any CPU
	EndGlobalSection
	GlobalSection(ProjectConfigurationPlatforms) = postSolution
		{44BC39E5-6263-4C8E-9FE6-7151AA2288F8}.Debug|Any CPU.ActiveCfg = Debug|Any CPU
		{44BC39E5-6263-4C8E-9FE6-7151AA2288F8}.Debug|Any CPU.Build.0 = Debug|Any CPU
		{44BC39E5-6263-4C8E-9FE6-7151AA2288F8}.Release|Any CPU.ActiveCfg = Release|Any CPU
		{44BC39E5-6263-4C8E-9FE6-7151AA2288F8}.Release|Any CPU.Build.0 = Release|Any CPU
	EndGlobalSection
	GlobalSection(SolutionProperties) = preSolution
		HideSolutionNode = FALSE
	EndGlobalSection
	GlobalSection(ExtensibilityGlobals) = postSolution
		SolutionGuid = {7CEEE59A-DE35-4386-8457-4C6CB87161BC}
	EndGlobalSection
EndGlobal
